
Microsoft Visual Studio Solution File, Format Version 12.00
# Visual Studio Version 17
VisualStudioVersion = 17.10.35122.118
MinimumVisualStudioVersion = 10.0.40219.1
Project("{FAE04EC0-301F-11D3-BF4B-00C04F79EFBC}") = "TestApl", "TestApl.csproj", "{1DEBBB61-F7F1-4AE2-ACA7-602D73379DA8}"
EndProject
Global
	GlobalSection(SolutionConfigurationPlatforms) = preSolution
		Debug|Any CPU = Debug|Any CPU
		Release|Any CPU = Release|Any CPU
	EndGlobalSection
	GlobalSection(ProjectConfigurationPlatforms) = postSolution
		{1DEBBB61-F7F1-4AE2-ACA7-602D73379DA8}.Debug|Any CPU.ActiveCfg = Debug|Any CPU
		{1DEBBB61-F7F1-4AE2-ACA7-602D73379DA8}.Debug|Any CPU.Build.0 = Debug|Any CPU
		{1DEBBB61-F7F1-4AE2-ACA7-602D73379DA8}.Release|Any CPU.ActiveCfg = Release|Any CPU
		{1DEBBB61-F7F1-4AE2-ACA7-602D73379DA8}.Release|Any CPU.Build.0 = Release|Any CPU
	EndGlobalSection
	GlobalSection(SolutionProperties) = preSolution
		HideSolutionNode = FALSE
	EndGlobalSection
	GlobalSection(ExtensibilityGlobals) = postSolution
		SolutionGuid = {B26286C0-4C22-4DFB-AF17-82785A312939}
	EndGlobalSection
EndGlobal
